
Microsoft Visual Studio Solution File, Format Version 12.00
# Visual Studio Version 17
VisualStudioVersion = 17.14.36518.9
MinimumVisualStudioVersion = 10.0.40219.1
Project("{FAE04EC0-301F-11D3-BF4B-00C04F79EFBC}") = "Lab08", "Editor\Lab08.csproj", "{953D9AC8-2833-43F4-AF8E-7A7E63F8E950}"
EndProject
Global
	GlobalSection(SolutionConfigurationPlatforms) = preSolution
		Debug|Any CPU = Debug|Any CPU
		Release|Any CPU = Release|Any CPU
	EndGlobalSection
	GlobalSection(ProjectConfigurationPlatforms) = postSolution
		{953D9AC8-2833-43F4-AF8E-7A7E63F8E950}.Debug|Any CPU.ActiveCfg = Debug|Any CPU
		{953D9AC8-2833-43F4-AF8E-7A7E63F8E950}.Debug|Any CPU.Build.0 = Debug|Any CPU
		{953D9AC8-2833-43F4-AF8E-7A7E63F8E950}.Release|Any CPU.ActiveCfg = Release|Any CPU
		{953D9AC8-2833-43F4-AF8E-7A7E63F8E950}.Release|Any CPU.Build.0 = Release|Any CPU
	EndGlobalSection
	GlobalSection(SolutionProperties) = preSolution
		HideSolutionNode = FALSE
	EndGlobalSection
	GlobalSection(ExtensibilityGlobals) = postSolution
		SolutionGuid = {60788152-3CC2-43CC-94D6-7076DBD79F57}
	EndGlobalSection
EndGlobal
